// !$*UTF8*$!
{
	archiveVersion = 1;
	classes = {
	};
	objectVersion = 77;
	objects = {

/* Begin PBXBuildFile section */
		2F48CB022F2F982300A8AE19 /* BattleLMShared in Frameworks */ = {isa = PBXBuildFile; productRef = 2F48CB012F2F982300A8AE19 /* BattleLMShared */; };
		2F85D0152F2FE55900FBC2AA /* BattleLMShared in Frameworks */ = {isa = PBXBuildFile; productRef = 2F48CB012F2F982300A8AE19 /* BattleLMShared */; };
/* End PBXBuildFile section */

/* Begin PBXContainerItemProxy section */
		2F48CAD72F2F95CF00A8AE19 /* PBXContainerItemProxy */ = {
			isa = PBXContainerItemProxy;
			containerPortal = 2F9621F12F291FEB00D03770 /* Project object */;
			proxyType = 1;
			remoteGlobalIDString = 2F48CAC92F2F95CB00A8AE19;
			remoteInfo = "BattleLM-iOS";
		};
		2F48CAE12F2F95D000A8AE19 /* PBXContainerItemProxy */ = {
			isa = PBXContainerItemProxy;
			containerPortal = 2F9621F12F291FEB00D03770 /* Project object */;
			proxyType = 1;
			remoteGlobalIDString = 2F48CAC92F2F95CB00A8AE19;
			remoteInfo = "BattleLM-iOS";
		};
		2F9622072F291FF400D03770 /* PBXContainerItemProxy */ = {
			isa = PBXContainerItemProxy;
			containerPortal = 2F9621F12F291FEB00D03770 /* Project object */;
			proxyType = 1;
			remoteGlobalIDString = 2F9621F82F291FEB00D03770;
			remoteInfo = BattleLM;
		};
		2F9622112F291FF400D03770 /* PBXContainerItemProxy */ = {
			isa = PBXContainerItemProxy;
			containerPortal = 2F9621F12F291FEB00D03770 /* Project object */;
			proxyType = 1;
			remoteGlobalIDString = 2F9621F82F291FEB00D03770;
			remoteInfo = BattleLM;
		};
/* End PBXContainerItemProxy section */

/* Begin PBXFileReference section */
		2F48CACA2F2F95CB00A8AE19 /* BattleLM-iOS.app */ = {isa = PBXFileReference; explicitFileType = wrapper.application; includeInIndex = 0; path = "BattleLM-iOS.app"; sourceTree = BUILT_PRODUCTS_DIR; };
		2F48CAD62F2F95CF00A8AE19 /* BattleLM-iOSTests.xctest */ = {isa = PBXFileReference; explicitFileType = wrapper.cfbundle; includeInIndex = 0; path = "BattleLM-iOSTests.xctest"; sourceTree = BUILT_PRODUCTS_DIR; };
		2F48CAE02F2F95CF00A8AE19 /* BattleLM-iOSUITests.xctest */ = {isa = PBXFileReference; explicitFileType = wrapper.cfbundle; includeInIndex = 0; path = "BattleLM-iOSUITests.xctest"; sourceTree = BUILT_PRODUCTS_DIR; };
		2F9621F92F291FEB00D03770 /* BattleLM.app */ = {isa = PBXFileReference; explicitFileType = wrapper.application; includeInIndex = 0; path = BattleLM.app; sourceTree = BUILT_PRODUCTS_DIR; };
		2F9622062F291FF400D03770 /* BattleLMTests.xctest */ = {isa = PBXFileReference; explicitFileType = wrapper.cfbundle; includeInIndex = 0; path = BattleLMTests.xctest; sourceTree = BUILT_PRODUCTS_DIR; };
		2F9622102F291FF400D03770 /* BattleLMUITests.xctest */ = {isa = PBXFileReference; explicitFileType = wrapper.cfbundle; includeInIndex = 0; path = BattleLMUITests.xctest; sourceTree = BUILT_PRODUCTS_DIR; };
/* End PBXFileReference section */

/* Begin PBXFileSystemSynchronizedRootGroup section */
		2F48CACB2F2F95CC00A8AE19 /* BattleLM-iOS */ = {
			isa = PBXFileSystemSynchronizedRootGroup;
			path = "BattleLM-iOS";
			sourceTree = "<group>";
		};
		2F48CAD92F2F95CF00A8AE19 /* BattleLM-iOSTests */ = {
			isa = PBXFileSystemSynchronizedRootGroup;
			path = "BattleLM-iOSTests";
			sourceTree = "<group>";
		};
		2F48CAE32F2F95D000A8AE19 /* BattleLM-iOSUITests */ = {
			isa = PBXFileSystemSynchronizedRootGroup;
			path = "BattleLM-iOSUITests";
			sourceTree = "<group>";
		};
		2F9621FB2F291FEB00D03770 /* BattleLM */ = {
			isa = PBXFileSystemSynchronizedRootGroup;
			path = BattleLM;
			sourceTree = "<group>";
		};
		2F9622092F291FF400D03770 /* BattleLMTests */ = {
			isa = PBXFileSystemSynchronizedRootGroup;
			path = BattleLMTests;
			sourceTree = "<group>";
		};
		2F9622132F291FF400D03770 /* BattleLMUITests */ = {
			isa = PBXFileSystemSynchronizedRootGroup;
			path = BattleLMUITests;
			sourceTree = "<group>";
		};
/* End PBXFileSystemSynchronizedRootGroup section */

/* Begin PBXFrameworksBuildPhase section */
		2F48CAC72F2F95CB00A8AE19 /* Frameworks */ = {
			isa = PBXFrameworksBuildPhase;
			buildActionMask = 2147483647;
			files = (
				2F85D0152F2FE55900FBC2AA /* BattleLMShared in Frameworks */,
			);
			runOnlyForDeploymentPostprocessing = 0;
		};
		2F48CAD32F2F95CF00A8AE19 /* Frameworks */ = {
			isa = PBXFrameworksBuildPhase;
			buildActionMask = 2147483647;
			files = (
				2F48CB022F2F982300A8AE19 /* BattleLMShared in Frameworks */,
			);
			runOnlyForDeploymentPostprocessing = 0;
		};
		2F48CADD2F2F95CF00A8AE19 /* Frameworks */ = {
			isa = PBXFrameworksBuildPhase;
			buildActionMask = 2147483647;
			files = (
			);
			runOnlyForDeploymentPostprocessing = 0;
		};
		2F9621F62F291FEB00D03770 /* Frameworks */ = {
			isa = PBXFrameworksBuildPhase;
			buildActionMask = 2147483647;
			files = (
			);
			runOnlyForDeploymentPostprocessing = 0;
		};
		2F9622032F291FF400D03770 /* Frameworks */ = {
			isa = PBXFrameworksBuildPhase;
			buildActionMask = 2147483647;
			files = (
			);
			runOnlyForDeploymentPostprocessing = 0;
		};
		2F96220D2F291FF400D03770 /* Frameworks */ = {
			isa = PBXFrameworksBuildPhase;
			buildActionMask = 2147483647;
			files = (
			);
			runOnlyForDeploymentPostprocessing = 0;
		};
/* End PBXFrameworksBuildPhase section */

/* Begin PBXGroup section */
		2F48CAA22F2B850D00A8AE19 /* Frameworks */ = {
			isa = PBXGroup;
			children = (
			);
			name = Frameworks;
			sourceTree = "<group>";
		};
		2F9621F02F291FEB00D03770 = {
			isa = PBXGroup;
			children = (
				2F9621FB2F291FEB00D03770 /* BattleLM */,
				2F9622092F291FF400D03770 /* BattleLMTests */,
				2F9622132F291FF400D03770 /* BattleLMUITests */,
				2F48CACB2F2F95CC00A8AE19 /* BattleLM-iOS */,
				2F48CAD92F2F95CF00A8AE19 /* BattleLM-iOSTests */,
				2F48CAE32F2F95D000A8AE19 /* BattleLM-iOSUITests */,
				2F48CAA22F2B850D00A8AE19 /* Frameworks */,
				2F9621FA2F291FEB00D03770 /* Products */,
			);
			sourceTree = "<group>";
		};
		2F9621FA2F291FEB00D03770 /* Products */ = {
			isa = PBXGroup;
			children = (
				2F9621F92F291FEB00D03770 /* BattleLM.app */,
				2F9622062F291FF400D03770 /* BattleLMTests.xctest */,
				2F9622102F291FF400D03770 /* BattleLMUITests.xctest */,
				2F48CACA2F2F95CB00A8AE19 /* BattleLM-iOS.app */,
				2F48CAD62F2F95CF00A8AE19 /* BattleLM-iOSTests.xctest */,
				2F48CAE02F2F95CF00A8AE19 /* BattleLM-iOSUITests.xctest */,
			);
			name = Products;
			sourceTree = "<group>";
		};
/* End PBXGroup section */

/* Begin PBXNativeTarget section */
		2F48CAC92F2F95CB00A8AE19 /* BattleLM-iOS */ = {
			isa = PBXNativeTarget;
			buildConfigurationList = 2F48CAE82F2F95D000A8AE19 /* Build configuration list for PBXNativeTarget "BattleLM-iOS" */;
			buildPhases = (
				2F48CAC62F2F95CB00A8AE19 /* Sources */,
				2F48CAC72F2F95CB00A8AE19 /* Frameworks */,
				2F48CAC82F2F95CB00A8AE19 /* Resources */,
			);
			buildRules = (
			);
			dependencies = (
			);
			fileSystemSynchronizedGroups = (
				2F48CACB2F2F95CC00A8AE19 /* BattleLM-iOS */,
			);
			name = "BattleLM-iOS";
			packageProductDependencies = (
				2F48CB012F2F982300A8AE19 /* BattleLMShared */,
			);
			productName = "BattleLM-iOS";
			productReference = 2F48CACA2F2F95CB00A8AE19 /* BattleLM-iOS.app */;
			productType = "com.apple.product-type.application";
		};
		2F48CAD52F2F95CF00A8AE19 /* BattleLM-iOSTests */ = {
			isa = PBXNativeTarget;
			buildConfigurationList = 2F48CAEB2F2F95D000A8AE19 /* Build configuration list for PBXNativeTarget "BattleLM-iOSTests" */;
			buildPhases = (
				2F48CAD22F2F95CF00A8AE19 /* Sources */,
				2F48CAD32F2F95CF00A8AE19 /* Frameworks */,
				2F48CAD42F2F95CF00A8AE19 /* Resources */,
			);
			buildRules = (
			);
			dependencies = (
				2F48CAD82F2F95CF00A8AE19 /* PBXTargetDependency */,
			);
			fileSystemSynchronizedGroups = (
				2F48CAD92F2F95CF00A8AE19 /* BattleLM-iOSTests */,
			);
			name = "BattleLM-iOSTests";
			packageProductDependencies = (
				2F48CB012F2F982300A8AE19 /* BattleLMShared */,
			);
			productName = "BattleLM-iOSTests";
			productReference = 2F48CAD62F2F95CF00A8AE19 /* BattleLM-iOSTests.xctest */;
			productType = "com.apple.product-type.bundle.unit-test";
		};
		2F48CADF2F2F95CF00A8AE19 /* BattleLM-iOSUITests */ = {
			isa = PBXNativeTarget;
			buildConfigurationList = 2F48CAEE2F2F95D000A8AE19 /* Build configuration list for PBXNativeTarget "BattleLM-iOSUITests" */;
			buildPhases = (
				2F48CADC2F2F95CF00A8AE19 /* Sources */,
				2F48CADD2F2F95CF00A8AE19 /* Frameworks */,
				2F48CADE2F2F95CF00A8AE19 /* Resources */,
			);
			buildRules = (
			);
			dependencies = (
				2F48CAE22F2F95D000A8AE19 /* PBXTargetDependency */,
			);
			fileSystemSynchronizedGroups = (
				2F48CAE32F2F95D000A8AE19 /* BattleLM-iOSUITests */,
			);
			name = "BattleLM-iOSUITests";
			packageProductDependencies = (
			);
			productName = "BattleLM-iOSUITests";
			productReference = 2F48CAE02F2F95CF00A8AE19 /* BattleLM-iOSUITests.xctest */;
			productType = "com.apple.product-type.bundle.ui-testing";
		};
		2F9621F82F291FEB00D03770 /* BattleLM */ = {
			isa = PBXNativeTarget;
			buildConfigurationList = 2F96221A2F291FF400D03770 /* Build configuration list for PBXNativeTarget "BattleLM" */;
			buildPhases = (
				2F9621F52F291FEB00D03770 /* Sources */,
				2F9621F62F291FEB00D03770 /* Frameworks */,
				2F9621F72F291FEB00D03770 /* Resources */,
			);
			buildRules = (
			);
			dependencies = (
			);
			fileSystemSynchronizedGroups = (
				2F9621FB2F291FEB00D03770 /* BattleLM */,
			);
			name = BattleLM;
			packageProductDependencies = (
			);
			productName = BattleLM;
			productReference = 2F9621F92F291FEB00D03770 /* BattleLM.app */;
			productType = "com.apple.product-type.application";
		};
		2F9622052F291FF400D03770 /* BattleLMTests */ = {
			isa = PBXNativeTarget;
			buildConfigurationList = 2F96221D2F291FF400D03770 /* Build configuration list for PBXNativeTarget "BattleLMTests" */;
			buildPhases = (
				2F9622022F291FF400D03770 /* Sources */,
				2F9622032F291FF400D03770 /* Frameworks */,
				2F9622042F291FF400D03770 /* Resources */,
			);
			buildRules = (
			);
			dependencies = (
				2F9622082F291FF400D03770 /* PBXTargetDependency */,
			);
			fileSystemSynchronizedGroups = (
				2F9622092F291FF400D03770 /* BattleLMTests */,
			);
			name = BattleLMTests;
			packageProductDependencies = (
			);
			productName = BattleLMTests;
			productReference = 2F9622062F291FF400D03770 /* BattleLMTests.xctest */;
			productType = "com.apple.product-type.bundle.unit-test";
		};
		2F96220F2F291FF400D03770 /* BattleLMUITests */ = {
			isa = PBXNativeTarget;
			buildConfigurationList = 2F9622202F291FF400D03770 /* Build configuration list for PBXNativeTarget "BattleLMUITests" */;
			buildPhases = (
				2F96220C2F291FF400D03770 /* Sources */,
				2F96220D2F291FF400D03770 /* Frameworks */,
				2F96220E2F291FF400D03770 /* Resources */,
			);
			buildRules = (
			);
			dependencies = (
				2F9622122F291FF400D03770 /* PBXTargetDependency */,
			);
			fileSystemSynchronizedGroups = (
				2F9622132F291FF400D03770 /* BattleLMUITests */,
			);
			name = BattleLMUITests;
			packageProductDependencies = (
			);
			productName = BattleLMUITests;
			productReference = 2F9622102F291FF400D03770 /* BattleLMUITests.xctest */;
			productType = "com.apple.product-type.bundle.ui-testing";
		};
/* End PBXNativeTarget section */

/* Begin PBXProject section */
		2F9621F12F291FEB00D03770 /* Project object */ = {
			isa = PBXProject;
			attributes = {
				BuildIndependentTargetsInParallel = 1;
				LastSwiftUpdateCheck = 2610;
				LastUpgradeCheck = 2610;
				TargetAttributes = {
					2F48CAC92F2F95CB00A8AE19 = {
						CreatedOnToolsVersion = 26.1.1;
					};
					2F48CAD52F2F95CF00A8AE19 = {
						CreatedOnToolsVersion = 26.1.1;
						TestTargetID = 2F48CAC92F2F95CB00A8AE19;
					};
					2F48CADF2F2F95CF00A8AE19 = {
						CreatedOnToolsVersion = 26.1.1;
						TestTargetID = 2F48CAC92F2F95CB00A8AE19;
					};
					2F9621F82F291FEB00D03770 = {
						CreatedOnToolsVersion = 26.1.1;
					};
					2F9622052F291FF400D03770 = {
						CreatedOnToolsVersion = 26.1.1;
						TestTargetID = 2F9621F82F291FEB00D03770;
					};
					2F96220F2F291FF400D03770 = {
						CreatedOnToolsVersion = 26.1.1;
						TestTargetID = 2F9621F82F291FEB00D03770;
					};
				};
			};
			buildConfigurationList = 2F9621F42F291FEB00D03770 /* Build configuration list for PBXProject "BattleLM" */;
			developmentRegion = en;
			hasScannedForEncodings = 0;
			knownRegions = (
				en,
				Base,
			);
			mainGroup = 2F9621F02F291FEB00D03770;
			minimizedProjectReferenceProxies = 1;
			packageReferences = (
				2F48CB002F2F979C00A8AE19 /* XCLocalSwiftPackageReference "Packages/BattleLMShared" */,
			);
			preferredProjectObjectVersion = 77;
			productRefGroup = 2F9621FA2F291FEB00D03770 /* Products */;
			projectDirPath = "";
			projectRoot = "";
			targets = (
				2F9621F82F291FEB00D03770 /* BattleLM */,
				2F9622052F291FF400D03770 /* BattleLMTests */,
				2F96220F2F291FF400D03770 /* BattleLMUITests */,
				2F48CAC92F2F95CB00A8AE19 /* BattleLM-iOS */,
				2F48CAD52F2F95CF00A8AE19 /* BattleLM-iOSTests */,
				2F48CADF2F2F95CF00A8AE19 /* BattleLM-iOSUITests */,
			);
		};
/* End PBXProject section */

/* Begin PBXResourcesBuildPhase section */
		2F48CAC82F2F95CB00A8AE19 /* Resources */ = {
			isa = PBXResourcesBuildPhase;
			buildActionMask = 2147483647;
			files = (
			);
			runOnlyForDeploymentPostprocessing = 0;
		};
		2F48CAD42F2F95CF00A8AE19 /* Resources */ = {
			isa = PBXResourcesBuildPhase;
			buildActionMask = 2147483647;
			files = (
			);
			runOnlyForDeploymentPostprocessing = 0;
		};
		2F48CADE2F2F95CF00A8AE19 /* Resources */ = {
			isa = PBXResourcesBuildPhase;
			buildActionMask = 2147483647;
			files = (
			);
			runOnlyForDeploymentPostprocessing = 0;
		};
		2F9621F72F291FEB00D03770 /* Resources */ = {
			isa = PBXResourcesBuildPhase;
			buildActionMask = 2147483647;
			files = (
			);
			runOnlyForDeploymentPostprocessing = 0;
		};
		2F9622042F291FF400D03770 /* Resources */ = {
			isa = PBXResourcesBuildPhase;
			buildActionMask = 2147483647;
			files = (
			);
			runOnlyForDeploymentPostprocessing = 0;
		};
		2F96220E2F291FF400D03770 /* Resources */ = {
			isa = PBXResourcesBuildPhase;
			buildActionMask = 2147483647;
			files = (
			);
			runOnlyForDeploymentPostprocessing = 0;
		};
/* End PBXResourcesBuildPhase section */

/* Begin PBXSourcesBuildPhase section */
		2F48CAC62F2F95CB00A8AE19 /* Sources */ = {
			isa = PBXSourcesBuildPhase;
			buildActionMask = 2147483647;
			files = (
			);
			runOnlyForDeploymentPostprocessing = 0;
		};
		2F48CAD22F2F95CF00A8AE19 /* Sources */ = {
			isa = PBXSourcesBuildPhase;
			buildActionMask = 2147483647;
			files = (
			);
			runOnlyForDeploymentPostprocessing = 0;
		};
		2F48CADC2F2F95CF00A8AE19 /* Sources */ = {
			isa = PBXSourcesBuildPhase;
			buildActionMask = 2147483647;
			files = (
			);
			runOnlyForDeploymentPostprocessing = 0;
		};
		2F9621F52F291FEB00D03770 /* Sources */ = {
			isa = PBXSourcesBuildPhase;
			buildActionMask = 2147483647;
			files = (
			);
			runOnlyForDeploymentPostprocessing = 0;
		};
		2F9622022F291FF400D03770 /* Sources */ = {
			isa = PBXSourcesBuildPhase;
			buildActionMask = 2147483647;
			files = (
			);
			runOnlyForDeploymentPostprocessing = 0;
		};
		2F96220C2F291FF400D03770 /* Sources */ = {
			isa = PBXSourcesBuildPhase;
			buildActionMask = 2147483647;
			files = (
			);
			runOnlyForDeploymentPostprocessing = 0;
		};
/* End PBXSourcesBuildPhase section */

/* Begin PBXTargetDependency section */
		2F48CAD82F2F95CF00A8AE19 /* PBXTargetDependency */ = {
			isa = PBXTargetDependency;
			target = 2F48CAC92F2F95CB00A8AE19 /* BattleLM-iOS */;
			targetProxy = 2F48CAD72F2F95CF00A8AE19 /* PBXContainerItemProxy */;
		};
		2F48CAE22F2F95D000A8AE19 /* PBXTargetDependency */ = {
			isa = PBXTargetDependency;
			target = 2F48CAC92F2F95CB00A8AE19 /* BattleLM-iOS */;
			targetProxy = 2F48CAE12F2F95D000A8AE19 /* PBXContainerItemProxy */;
		};
		2F9622082F291FF400D03770 /* PBXTargetDependency */ = {
			isa = PBXTargetDependency;
			target = 2F9621F82F291FEB00D03770 /* BattleLM */;
			targetProxy = 2F9622072F291FF400D03770 /* PBXContainerItemProxy */;
		};
		2F9622122F291FF400D03770 /* PBXTargetDependency */ = {
			isa = PBXTargetDependency;
			target = 2F9621F82F291FEB00D03770 /* BattleLM */;
			targetProxy = 2F9622112F291FF400D03770 /* PBXContainerItemProxy */;
		};
/* End PBXTargetDependency section */

/* Begin XCBuildConfiguration section */
		2F48CAE92F2F95D000A8AE19 /* Debug */ = {
			isa = XCBuildConfiguration;
			buildSettings = {
				ASSETCATALOG_COMPILER_APPICON_NAME = AppIcon;
				ASSETCATALOG_COMPILER_GLOBAL_ACCENT_COLOR_NAME = AccentColor;
				CODE_SIGN_STYLE = Automatic;
				CURRENT_PROJECT_VERSION = 4;
				DEVELOPMENT_TEAM = 2GWPG8KGW5;
				ENABLE_PREVIEWS = YES;
				GENERATE_INFOPLIST_FILE = YES;
				INFOPLIST_KEY_CFBundleDisplayName = BattleLM;
				INFOPLIST_KEY_ITSAppUsesNonExemptEncryption = NO;
				INFOPLIST_KEY_NSAppTransportSecurity_NSAllowsArbitraryLoadsInLocalNetwork = YES;
				INFOPLIST_KEY_NSCameraUsageDescription = "扫描二维码以连接 Mac";
				INFOPLIST_KEY_NSLocalNetworkUsageDescription = "用于在同一局域网内连接你的 Mac";
				INFOPLIST_KEY_UIApplicationSceneManifest_Generation = YES;
				INFOPLIST_KEY_UIApplicationSupportsIndirectInputEvents = YES;
				INFOPLIST_KEY_UILaunchScreen_Generation = YES;
				INFOPLIST_KEY_UISupportedInterfaceOrientations_iPad = "UIInterfaceOrientationPortrait UIInterfaceOrientationPortraitUpsideDown UIInterfaceOrientationLandscapeLeft UIInterfaceOrientationLandscapeRight";
				INFOPLIST_KEY_UISupportedInterfaceOrientations_iPhone = "UIInterfaceOrientationPortrait UIInterfaceOrientationLandscapeLeft UIInterfaceOrientationLandscapeRight";
				IPHONEOS_DEPLOYMENT_TARGET = 26.1;
				LD_RUNPATH_SEARCH_PATHS = (
					"$(inherited)",
					"@executable_path/Frameworks",
				);
				MARKETING_VERSION = 1.0.1;
				PRODUCT_BUNDLE_IDENTIFIER = "com.josh.BattleLM-iOS";
				PRODUCT_NAME = "$(TARGET_NAME)";
				SDKROOT = iphoneos;
				STRING_CATALOG_GENERATE_SYMBOLS = YES;
				SWIFT_APPROACHABLE_CONCURRENCY = YES;
				SWIFT_DEFAULT_ACTOR_ISOLATION = MainActor;
				SWIFT_EMIT_LOC_STRINGS = YES;
				SWIFT_UPCOMING_FEATURE_MEMBER_IMPORT_VISIBILITY = YES;
				SWIFT_VERSION = 5.0;
				TARGETED_DEVICE_FAMILY = "1,2";
			};
			name = Debug;
		};
		2F48CAEA2F2F95D000A8AE19 /* Release */ = {
			isa = XCBuildConfiguration;
			buildSettings = {
				ASSETCATALOG_COMPILER_APPICON_NAME = AppIcon;
				ASSETCATALOG_COMPILER_GLOBAL_ACCENT_COLOR_NAME = AccentColor;
				CODE_SIGN_STYLE = Automatic;
				CURRENT_PROJECT_VERSION = 4;
				DEVELOPMENT_TEAM = 2GWPG8KGW5;
				ENABLE_PREVIEWS = YES;
				GENERATE_INFOPLIST_FILE = YES;
				INFOPLIST_KEY_CFBundleDisplayName = BattleLM;
				INFOPLIST_KEY_ITSAppUsesNonExemptEncryption = NO;
				INFOPLIST_KEY_NSAppTransportSecurity_NSAllowsArbitraryLoadsInLocalNetwork = YES;
				INFOPLIST_KEY_NSCameraUsageDescription = "扫描二维码以连接 Mac";
				INFOPLIST_KEY_NSLocalNetworkUsageDescription = "用于在同一局域网内连接你的 Mac";
				INFOPLIST_KEY_UIApplicationSceneManifest_Generation = YES;
				INFOPLIST_KEY_UIApplicationSupportsIndirectInputEvents = YES;
				INFOPLIST_KEY_UILaunchScreen_Generation = YES;
				INFOPLIST_KEY_UISupportedInterfaceOrientations_iPad = "UIInterfaceOrientationPortrait UIInterfaceOrientationPortraitUpsideDown UIInterfaceOrientationLandscapeLeft UIInterfaceOrientationLandscapeRight";
				INFOPLIST_KEY_UISupportedInterfaceOrientations_iPhone = "UIInterfaceOrientationPortrait UIInterfaceOrientationLandscapeLeft UIInterfaceOrientationLandscapeRight";
				IPHONEOS_DEPLOYMENT_TARGET = 26.1;
				LD_RUNPATH_SEARCH_PATHS = (
					"$(inherited)",
					"@executable_path/Frameworks",
				);
				MARKETING_VERSION = 1.0.1;
				PRODUCT_BUNDLE_IDENTIFIER = "com.josh.BattleLM-iOS";
				PRODUCT_NAME = "$(TARGET_NAME)";
				SDKROOT = iphoneos;
				STRING_CATALOG_GENERATE_SYMBOLS = YES;
				SWIFT_APPROACHABLE_CONCURRENCY = YES;
				SWIFT_DEFAULT_ACTOR_ISOLATION = MainActor;
				SWIFT_EMIT_LOC_STRINGS = YES;
				SWIFT_UPCOMING_FEATURE_MEMBER_IMPORT_VISIBILITY = YES;
				SWIFT_VERSION = 5.0;
				TARGETED_DEVICE_FAMILY = "1,2";
				VALIDATE_PRODUCT = YES;
			};
			name = Release;
		};
		2F48CAEC2F2F95D000A8AE19 /* Debug */ = {
			isa = XCBuildConfiguration;
			buildSettings = {
				BUNDLE_LOADER = "$(TEST_HOST)";
				CODE_SIGN_STYLE = Automatic;
				CURRENT_PROJECT_VERSION = 1;
				DEVELOPMENT_TEAM = 2GWPG8KGW5;
				GENERATE_INFOPLIST_FILE = YES;
				IPHONEOS_DEPLOYMENT_TARGET = 26.1;
				MARKETING_VERSION = 1.0;
				PRODUCT_BUNDLE_IDENTIFIER = "com.josh.BattleLM-iOSTests";
				PRODUCT_NAME = "$(TARGET_NAME)";
				SDKROOT = iphoneos;
				STRING_CATALOG_GENERATE_SYMBOLS = NO;
				SWIFT_APPROACHABLE_CONCURRENCY = YES;
				SWIFT_EMIT_LOC_STRINGS = NO;
				SWIFT_UPCOMING_FEATURE_MEMBER_IMPORT_VISIBILITY = YES;
				SWIFT_VERSION = 5.0;
				TARGETED_DEVICE_FAMILY = "1,2";
				TEST_HOST = "$(BUILT_PRODUCTS_DIR)/BattleLM-iOS.app/$(BUNDLE_EXECUTABLE_FOLDER_PATH)/BattleLM-iOS";
			};
			name = Debug;
		};
		2F48CAED2F2F95D000A8AE19 /* Release */ = {
			isa = XCBuildConfiguration;
			buildSettings = {
				BUNDLE_LOADER = "$(TEST_HOST)";
				CODE_SIGN_STYLE = Automatic;
				CURRENT_PROJECT_VERSION = 1;
				DEVELOPMENT_TEAM = 2GWPG8KGW5;
				GENERATE_INFOPLIST_FILE = YES;
				IPHONEOS_DEPLOYMENT_TARGET = 26.1;
				MARKETING_VERSION = 1.0;
				PRODUCT_BUNDLE_IDENTIFIER = "com.josh.BattleLM-iOSTests";
				PRODUCT_NAME = "$(TARGET_NAME)";
				SDKROOT = iphoneos;
				STRING_CATALOG_GENERATE_SYMBOLS = NO;
				SWIFT_APPROACHABLE_CONCURRENCY = YES;
				SWIFT_EMIT_LOC_STRINGS = NO;
				SWIFT_UPCOMING_FEATURE_MEMBER_IMPORT_VISIBILITY = YES;
				SWIFT_VERSION = 5.0;
				TARGETED_DEVICE_FAMILY = "1,2";
				TEST_HOST = "$(BUILT_PRODUCTS_DIR)/BattleLM-iOS.app/$(BUNDLE_EXECUTABLE_FOLDER_PATH)/BattleLM-iOS";
				VALIDATE_PRODUCT = YES;
			};
			name = Release;
		};
		2F48CAEF2F2F95D000A8AE19 /* Debug */ = {
			isa = XCBuildConfiguration;
			buildSettings = {
				CODE_SIGN_STYLE = Automatic;
				CURRENT_PROJECT_VERSION = 1;
				DEVELOPMENT_TEAM = 2GWPG8KGW5;
				GENERATE_INFOPLIST_FILE = YES;
				IPHONEOS_DEPLOYMENT_TARGET = 26.1;
				MARKETING_VERSION = 1.0;
				PRODUCT_BUNDLE_IDENTIFIER = "com.josh.BattleLM-iOSUITests";
				PRODUCT_NAME = "$(TARGET_NAME)";
				SDKROOT = iphoneos;
				STRING_CATALOG_GENERATE_SYMBOLS = NO;
				SWIFT_APPROACHABLE_CONCURRENCY = YES;
				SWIFT_EMIT_LOC_STRINGS = NO;
				SWIFT_UPCOMING_FEATURE_MEMBER_IMPORT_VISIBILITY = YES;
				SWIFT_VERSION = 5.0;
				TARGETED_DEVICE_FAMILY = "1,2";
				TEST_TARGET_NAME = "BattleLM-iOS";
			};
			name = Debug;
		};
		2F48CAF02F2F95D000A8AE19 /* Release */ = {
			isa = XCBuildConfiguration;
			buildSettings = {
				CODE_SIGN_STYLE = Automatic;
				CURRENT_PROJECT_VERSION = 1;
				DEVELOPMENT_TEAM = 2GWPG8KGW5;
				GENERATE_INFOPLIST_FILE = YES;
				IPHONEOS_DEPLOYMENT_TARGET = 26.1;
				MARKETING_VERSION = 1.0;
				PRODUCT_BUNDLE_IDENTIFIER = "com.josh.BattleLM-iOSUITests";
				PRODUCT_NAME = "$(TARGET_NAME)";
				SDKROOT = iphoneos;
				STRING_CATALOG_GENERATE_SYMBOLS = NO;
				SWIFT_APPROACHABLE_CONCURRENCY = YES;
				SWIFT_EMIT_LOC_STRINGS = NO;
				SWIFT_UPCOMING_FEATURE_MEMBER_IMPORT_VISIBILITY = YES;
				SWIFT_VERSION = 5.0;
				TARGETED_DEVICE_FAMILY = "1,2";
				TEST_TARGET_NAME = "BattleLM-iOS";
				VALIDATE_PRODUCT = YES;
			};
			name = Release;
		};
		2F9622182F291FF400D03770 /* Debug */ = {
			isa = XCBuildConfiguration;
			buildSettings = {
				ALWAYS_SEARCH_USER_PATHS = NO;
				ASSETCATALOG_COMPILER_GENERATE_SWIFT_ASSET_SYMBOL_EXTENSIONS = YES;
				CLANG_ANALYZER_NONNULL = YES;
				CLANG_ANALYZER_NUMBER_OBJECT_CONVERSION = YES_AGGRESSIVE;
				CLANG_CXX_LANGUAGE_STANDARD = "gnu++20";
				CLANG_ENABLE_MODULES = YES;
				CLANG_ENABLE_OBJC_ARC = YES;
				CLANG_ENABLE_OBJC_WEAK = YES;
				CLANG_WARN_BLOCK_CAPTURE_AUTORELEASING = YES;
				CLANG_WARN_BOOL_CONVERSION = YES;
				CLANG_WARN_COMMA = YES;
				CLANG_WARN_CONSTANT_CONVERSION = YES;
				CLANG_WARN_DEPRECATED_OBJC_IMPLEMENTATIONS = YES;
				CLANG_WARN_DIRECT_OBJC_ISA_USAGE = YES_ERROR;
				CLANG_WARN_DOCUMENTATION_COMMENTS = YES;
				CLANG_WARN_EMPTY_BODY = YES;
				CLANG_WARN_ENUM_CONVERSION = YES;
				CLANG_WARN_INFINITE_RECURSION = YES;
				CLANG_WARN_INT_CONVERSION = YES;
				CLANG_WARN_NON_LITERAL_NULL_CONVERSION = YES;
				CLANG_WARN_OBJC_IMPLICIT_RETAIN_SELF = YES;
				CLANG_WARN_OBJC_LITERAL_CONVERSION = YES;
				CLANG_WARN_OBJC_ROOT_CLASS = YES_ERROR;
				CLANG_WARN_QUOTED_INCLUDE_IN_FRAMEWORK_HEADER = YES;
				CLANG_WARN_RANGE_LOOP_ANALYSIS = YES;
				CLANG_WARN_STRICT_PROTOTYPES = YES;
				CLANG_WARN_SUSPICIOUS_MOVE = YES;
				CLANG_WARN_UNGUARDED_AVAILABILITY = YES_AGGRESSIVE;
				CLANG_WARN_UNREACHABLE_CODE = YES;
				CLANG_WARN__DUPLICATE_METHOD_MATCH = YES;
				COPY_PHASE_STRIP = NO;
				DEBUG_INFORMATION_FORMAT = dwarf;
				DEVELOPMENT_TEAM = 2GWPG8KGW5;
				ENABLE_STRICT_OBJC_MSGSEND = YES;
				ENABLE_TESTABILITY = YES;
				ENABLE_USER_SCRIPT_SANDBOXING = YES;
				GCC_C_LANGUAGE_STANDARD = gnu17;
				GCC_DYNAMIC_NO_PIC = NO;
				GCC_NO_COMMON_BLOCKS = YES;
				GCC_OPTIMIZATION_LEVEL = 0;
				GCC_PREPROCESSOR_DEFINITIONS = (
					"DEBUG=1",
					"$(inherited)",
				);
				GCC_WARN_64_TO_32_BIT_CONVERSION = YES;
				GCC_WARN_ABOUT_RETURN_TYPE = YES_ERROR;
				GCC_WARN_UNDECLARED_SELECTOR = YES;
				GCC_WARN_UNINITIALIZED_AUTOS = YES_AGGRESSIVE;
				GCC_WARN_UNUSED_FUNCTION = YES;
				GCC_WARN_UNUSED_VARIABLE = YES;
				LOCALIZATION_PREFERS_STRING_CATALOGS = YES;
				MACOSX_DEPLOYMENT_TARGET = 26.1;
				MTL_ENABLE_DEBUG_INFO = INCLUDE_SOURCE;
				MTL_FAST_MATH = YES;
				ONLY_ACTIVE_ARCH = YES;
				SDKROOT = macosx;
				SWIFT_ACTIVE_COMPILATION_CONDITIONS = "DEBUG $(inherited)";
				SWIFT_OPTIMIZATION_LEVEL = "-Onone";
			};
			name = Debug;
		};
		2F9622192F291FF400D03770 /* Release */ = {
			isa = XCBuildConfiguration;
			buildSettings = {
				ALWAYS_SEARCH_USER_PATHS = NO;
				ASSETCATALOG_COMPILER_GENERATE_SWIFT_ASSET_SYMBOL_EXTENSIONS = YES;
				CLANG_ANALYZER_NONNULL = YES;
				CLANG_ANALYZER_NUMBER_OBJECT_CONVERSION = YES_AGGRESSIVE;
				CLANG_CXX_LANGUAGE_STANDARD = "gnu++20";
				CLANG_ENABLE_MODULES = YES;
				CLANG_ENABLE_OBJC_ARC = YES;
				CLANG_ENABLE_OBJC_WEAK = YES;
				CLANG_WARN_BLOCK_CAPTURE_AUTORELEASING = YES;
				CLANG_WARN_BOOL_CONVERSION = YES;
				CLANG_WARN_COMMA = YES;
				CLANG_WARN_CONSTANT_CONVERSION = YES;
				CLANG_WARN_DEPRECATED_OBJC_IMPLEMENTATIONS = YES;
				CLANG_WARN_DIRECT_OBJC_ISA_USAGE = YES_ERROR;
				CLANG_WARN_DOCUMENTATION_COMMENTS = YES;
				CLANG_WARN_EMPTY_BODY = YES;
				CLANG_WARN_ENUM_CONVERSION = YES;
				CLANG_WARN_INFINITE_RECURSION = YES;
				CLANG_WARN_INT_CONVERSION = YES;
				CLANG_WARN_NON_LITERAL_NULL_CONVERSION = YES;
				CLANG_WARN_OBJC_IMPLICIT_RETAIN_SELF = YES;
				CLANG_WARN_OBJC_LITERAL_CONVERSION = YES;
				CLANG_WARN_OBJC_ROOT_CLASS = YES_ERROR;
				CLANG_WARN_QUOTED_INCLUDE_IN_FRAMEWORK_HEADER = YES;
				CLANG_WARN_RANGE_LOOP_ANALYSIS = YES;
				CLANG_WARN_STRICT_PROTOTYPES = YES;
				CLANG_WARN_SUSPICIOUS_MOVE = YES;
				CLANG_WARN_UNGUARDED_AVAILABILITY = YES_AGGRESSIVE;
				CLANG_WARN_UNREACHABLE_CODE = YES;
				CLANG_WARN__DUPLICATE_METHOD_MATCH = YES;
				COPY_PHASE_STRIP = NO;
				DEBUG_INFORMATION_FORMAT = "dwarf-with-dsym";
				DEVELOPMENT_TEAM = 2GWPG8KGW5;
				ENABLE_NS_ASSERTIONS = NO;
				ENABLE_STRICT_OBJC_MSGSEND = YES;
				ENABLE_USER_SCRIPT_SANDBOXING = YES;
				GCC_C_LANGUAGE_STANDARD = gnu17;
				GCC_NO_COMMON_BLOCKS = YES;
				GCC_WARN_64_TO_32_BIT_CONVERSION = YES;
				GCC_WARN_ABOUT_RETURN_TYPE = YES_ERROR;
				GCC_WARN_UNDECLARED_SELECTOR = YES;
				GCC_WARN_UNINITIALIZED_AUTOS = YES_AGGRESSIVE;
				GCC_WARN_UNUSED_FUNCTION = YES;
				GCC_WARN_UNUSED_VARIABLE = YES;
				LOCALIZATION_PREFERS_STRING_CATALOGS = YES;
				MACOSX_DEPLOYMENT_TARGET = 26.1;
				MTL_ENABLE_DEBUG_INFO = NO;
				MTL_FAST_MATH = YES;
				SDKROOT = macosx;
				SWIFT_COMPILATION_MODE = wholemodule;
			};
			name = Release;
		};
		2F96221B2F291FF400D03770 /* Debug */ = {
			isa = XCBuildConfiguration;
			buildSettings = {
				ASSETCATALOG_COMPILER_APPICON_NAME = AppIcon;
				ASSETCATALOG_COMPILER_GLOBAL_ACCENT_COLOR_NAME = AccentColor;
				CODE_SIGN_STYLE = Automatic;
				COMBINE_HIDPI_IMAGES = YES;
				CURRENT_PROJECT_VERSION = 1;
				DEVELOPMENT_TEAM = 2GWPG8KGW5;
				ENABLE_APP_SANDBOX = NO;
				ENABLE_HARDENED_RUNTIME = YES;
				ENABLE_PREVIEWS = YES;
				GENERATE_INFOPLIST_FILE = YES;
				INFOPLIST_KEY_NSHumanReadableCopyright = "";
				LD_RUNPATH_SEARCH_PATHS = (
					"$(inherited)",
					"@executable_path/../Frameworks",
				);
				LIBRARY_SEARCH_PATHS = (
					"$(inherited)",
					"$(PROJECT_DIR)/BattleLM/Resources/bridge/node_modules/@img/sharp-libvips-darwin-arm64/lib",
					"$(PROJECT_DIR)/BattleLM/Resources/bridge/node_modules/@anthropic-ai/claude-agent-sdk/vendor/ripgrep/arm64-darwin",
					"$(PROJECT_DIR)/BattleLM/Resources/bridge/node_modules/@anthropic-ai/claude-agent-sdk/vendor/ripgrep/x64-darwin",
				);
				MARKETING_VERSION = 1.0.2;
				PRODUCT_BUNDLE_IDENTIFIER = com.josh.BattleLM;
				PRODUCT_NAME = "$(TARGET_NAME)";
				REGISTER_APP_GROUPS = YES;
				STRING_CATALOG_GENERATE_SYMBOLS = YES;
				SWIFT_APPROACHABLE_CONCURRENCY = YES;
				SWIFT_DEFAULT_ACTOR_ISOLATION = MainActor;
				SWIFT_EMIT_LOC_STRINGS = YES;
				SWIFT_UPCOMING_FEATURE_MEMBER_IMPORT_VISIBILITY = YES;
				SWIFT_VERSION = 5.0;
			};
			name = Debug;
		};
		2F96221C2F291FF400D03770 /* Release */ = {
			isa = XCBuildConfiguration;
			buildSettings = {
				ASSETCATALOG_COMPILER_APPICON_NAME = AppIcon;
				ASSETCATALOG_COMPILER_GLOBAL_ACCENT_COLOR_NAME = AccentColor;
				CODE_SIGN_STYLE = Automatic;
				COMBINE_HIDPI_IMAGES = YES;
				CURRENT_PROJECT_VERSION = 1;
				DEVELOPMENT_TEAM = 2GWPG8KGW5;
				ENABLE_APP_SANDBOX = NO;
				ENABLE_HARDENED_RUNTIME = YES;
				ENABLE_PREVIEWS = YES;
				GENERATE_INFOPLIST_FILE = YES;
				INFOPLIST_KEY_NSHumanReadableCopyright = "";
				LD_RUNPATH_SEARCH_PATHS = (
					"$(inherited)",
					"@executable_path/../Frameworks",
				);
				LIBRARY_SEARCH_PATHS = (
					"$(inherited)",
					"$(PROJECT_DIR)/BattleLM/Resources/bridge/node_modules/@img/sharp-libvips-darwin-arm64/lib",
					"$(PROJECT_DIR)/BattleLM/Resources/bridge/node_modules/@anthropic-ai/claude-agent-sdk/vendor/ripgrep/arm64-darwin",
					"$(PROJECT_DIR)/BattleLM/Resources/bridge/node_modules/@anthropic-ai/claude-agent-sdk/vendor/ripgrep/x64-darwin",
				);
				MARKETING_VERSION = 1.0.2;
				PRODUCT_BUNDLE_IDENTIFIER = com.josh.BattleLM;
				PRODUCT_NAME = "$(TARGET_NAME)";
				REGISTER_APP_GROUPS = YES;
				STRING_CATALOG_GENERATE_SYMBOLS = YES;
				SWIFT_APPROACHABLE_CONCURRENCY = YES;
				SWIFT_DEFAULT_ACTOR_ISOLATION = MainActor;
				SWIFT_EMIT_LOC_STRINGS = YES;
				SWIFT_UPCOMING_FEATURE_MEMBER_IMPORT_VISIBILITY = YES;
				SWIFT_VERSION = 5.0;
			};
			name = Release;
		};
		2F96221E2F291FF400D03770 /* Debug */ = {
			isa = XCBuildConfiguration;
			buildSettings = {
				BUNDLE_LOADER = "$(TEST_HOST)";
				CODE_SIGN_STYLE = Automatic;
				CURRENT_PROJECT_VERSION = 1;
				DEVELOPMENT_TEAM = 2GWPG8KGW5;
				GENERATE_INFOPLIST_FILE = YES;
				MACOSX_DEPLOYMENT_TARGET = 26.1;
				MARKETING_VERSION = 1.0;
				PRODUCT_BUNDLE_IDENTIFIER = com.josh.BattleLMTests;
				PRODUCT_NAME = "$(TARGET_NAME)";
				STRING_CATALOG_GENERATE_SYMBOLS = NO;
				SWIFT_APPROACHABLE_CONCURRENCY = YES;
				SWIFT_EMIT_LOC_STRINGS = NO;
				SWIFT_UPCOMING_FEATURE_MEMBER_IMPORT_VISIBILITY = YES;
				SWIFT_VERSION = 5.0;
				TEST_HOST = "$(BUILT_PRODUCTS_DIR)/BattleLM.app/$(BUNDLE_EXECUTABLE_FOLDER_PATH)/BattleLM";
			};
			name = Debug;
		};
		2F96221F2F291FF400D03770 /* Release */ = {
			isa = XCBuildConfiguration;
			buildSettings = {
				BUNDLE_LOADER = "$(TEST_HOST)";
				CODE_SIGN_STYLE = Automatic;
				CURRENT_PROJECT_VERSION = 1;
				DEVELOPMENT_TEAM = 2GWPG8KGW5;
				GENERATE_INFOPLIST_FILE = YES;
				MACOSX_DEPLOYMENT_TARGET = 26.1;
				MARKETING_VERSION = 1.0;
				PRODUCT_BUNDLE_IDENTIFIER = com.josh.BattleLMTests;
				PRODUCT_NAME = "$(TARGET_NAME)";
				STRING_CATALOG_GENERATE_SYMBOLS = NO;
				SWIFT_APPROACHABLE_CONCURRENCY = YES;
				SWIFT_EMIT_LOC_STRINGS = NO;
				SWIFT_UPCOMING_FEATURE_MEMBER_IMPORT_VISIBILITY = YES;
				SWIFT_VERSION = 5.0;
				TEST_HOST = "$(BUILT_PRODUCTS_DIR)/BattleLM.app/$(BUNDLE_EXECUTABLE_FOLDER_PATH)/BattleLM";
			};
			name = Release;
		};
		2F9622212F291FF400D03770 /* Debug */ = {
			isa = XCBuildConfiguration;
			buildSettings = {
				CODE_SIGN_STYLE = Automatic;
				CURRENT_PROJECT_VERSION = 1;
				DEVELOPMENT_TEAM = 2GWPG8KGW5;
				GENERATE_INFOPLIST_FILE = YES;
				MARKETING_VERSION = 1.0;
				PRODUCT_BUNDLE_IDENTIFIER = com.josh.BattleLMUITests;
				PRODUCT_NAME = "$(TARGET_NAME)";
				STRING_CATALOG_GENERATE_SYMBOLS = NO;
				SWIFT_APPROACHABLE_CONCURRENCY = YES;
				SWIFT_EMIT_LOC_STRINGS = NO;
				SWIFT_UPCOMING_FEATURE_MEMBER_IMPORT_VISIBILITY = YES;
				SWIFT_VERSION = 5.0;
				TEST_TARGET_NAME = BattleLM;
			};
			name = Debug;
		};
		2F9622222F291FF400D03770 /* Release */ = {
			isa = XCBuildConfiguration;
			buildSettings = {
				CODE_SIGN_STYLE = Automatic;
				CURRENT_PROJECT_VERSION = 1;
				DEVELOPMENT_TEAM = 2GWPG8KGW5;
				GENERATE_INFOPLIST_FILE = YES;
				MARKETING_VERSION = 1.0;
				PRODUCT_BUNDLE_IDENTIFIER = com.josh.BattleLMUITests;
				PRODUCT_NAME = "$(TARGET_NAME)";
				STRING_CATALOG_GENERATE_SYMBOLS = NO;
				SWIFT_APPROACHABLE_CONCURRENCY = YES;
				SWIFT_EMIT_LOC_STRINGS = NO;
				SWIFT_UPCOMING_FEATURE_MEMBER_IMPORT_VISIBILITY = YES;
				SWIFT_VERSION = 5.0;
				TEST_TARGET_NAME = BattleLM;
			};
			name = Release;
		};
/* End XCBuildConfiguration section */

/* Begin XCConfigurationList section */
		2F48CAE82F2F95D000A8AE19 /* Build configuration list for PBXNativeTarget "BattleLM-iOS" */ = {
			isa = XCConfigurationList;
			buildConfigurations = (
				2F48CAE92F2F95D000A8AE19 /* Debug */,
				2F48CAEA2F2F95D000A8AE19 /* Release */,
			);
			defaultConfigurationIsVisible = 0;
			defaultConfigurationName = Release;
		};
		2F48CAEB2F2F95D000A8AE19 /* Build configuration list for PBXNativeTarget "BattleLM-iOSTests" */ = {
			isa = XCConfigurationList;
			buildConfigurations = (
				2F48CAEC2F2F95D000A8AE19 /* Debug */,
				2F48CAED2F2F95D000A8AE19 /* Release */,
			);
			defaultConfigurationIsVisible = 0;
			defaultConfigurationName = Release;
		};
		2F48CAEE2F2F95D000A8AE19 /* Build configuration list for PBXNativeTarget "BattleLM-iOSUITests" */ = {
			isa = XCConfigurationList;
			buildConfigurations = (
				2F48CAEF2F2F95D000A8AE19 /* Debug */,
				2F48CAF02F2F95D000A8AE19 /* Release */,
			);
			defaultConfigurationIsVisible = 0;
			defaultConfigurationName = Release;
		};
		2F9621F42F291FEB00D03770 /* Build configuration list for PBXProject "BattleLM" */ = {
			isa = XCConfigurationList;
			buildConfigurations = (
				2F9622182F291FF400D03770 /* Debug */,
				2F9622192F291FF400D03770 /* Release */,
			);
			defaultConfigurationIsVisible = 0;
			defaultConfigurationName = Release;
		};
		2F96221A2F291FF400D03770 /* Build configuration list for PBXNativeTarget "BattleLM" */ = {
			isa = XCConfigurationList;
			buildConfigurations = (
				2F96221B2F291FF400D03770 /* Debug */,
				2F96221C2F291FF400D03770 /* Release */,
			);
			defaultConfigurationIsVisible = 0;
			defaultConfigurationName = Release;
		};
		2F96221D2F291FF400D03770 /* Build configuration list for PBXNativeTarget "BattleLMTests" */ = {
			isa = XCConfigurationList;
			buildConfigurations = (
				2F96221E2F291FF400D03770 /* Debug */,
				2F96221F2F291FF400D03770 /* Release */,
			);
			defaultConfigurationIsVisible = 0;
			defaultConfigurationName = Release;
		};
		2F9622202F291FF400D03770 /* Build configuration list for PBXNativeTarget "BattleLMUITests" */ = {
			isa = XCConfigurationList;
			buildConfigurations = (
				2F9622212F291FF400D03770 /* Debug */,
				2F9622222F291FF400D03770 /* Release */,
			);
			defaultConfigurationIsVisible = 0;
			defaultConfigurationName = Release;
		};
/* End XCConfigurationList section */

/* Begin XCLocalSwiftPackageReference section */
		2F48CB002F2F979C00A8AE19 /* XCLocalSwiftPackageReference "Packages/BattleLMShared" */ = {
			isa = XCLocalSwiftPackageReference;
			relativePath = Packages/BattleLMShared;
		};
/* End XCLocalSwiftPackageReference section */

/* Begin XCSwiftPackageProductDependency section */
		2F48CB012F2F982300A8AE19 /* BattleLMShared */ = {
			isa = XCSwiftPackageProductDependency;
			package = 2F48CB002F2F979C00A8AE19 /* XCLocalSwiftPackageReference "Packages/BattleLMShared" */;
			productName = BattleLMShared;
		};
/* End XCSwiftPackageProductDependency section */
	};
	rootObject = 2F9621F12F291FEB00D03770 /* Project object */;
}
